{"1.2.0",
[{<<"barrel_a2a">>,{pkg,<<"barrel_a2a">>,<<"0.2.0">>},0},
 {<<"barrel_mcp">>,{pkg,<<"barrel_mcp">>,<<"3.0.1">>},1},
 {<<"certifi">>,{pkg,<<"certifi">>,<<"2.17.0">>},2},
 {<<"gpb">>,{pkg,<<"gpb">>,<<"5.0.0">>},0},
 {<<"h1">>,{pkg,<<"erlang_h1">>,<<"0.9.1">>},1},
 {<<"h2">>,{pkg,<<"h2">>,<<"0.12.0">>},1},
 {<<"hackney">>,{pkg,<<"hackney">>,<<"4.7.4">>},1},
 {<<"idna">>,{pkg,<<"idna">>,<<"7.1.0">>},2},
 {<<"instrument">>,{pkg,<<"instrument">>,<<"1.1.5">>},1},
 {<<"mimerl">>,{pkg,<<"mimerl">>,<<"1.5.0">>},1},
 {<<"parse_trans">>,{pkg,<<"parse_trans">>,<<"3.4.2">>},2},
 {<<"quic">>,{pkg,<<"quic">>,<<"1.8.0">>},1},
 {<<"ssl_verify_fun">>,{pkg,<<"ssl_verify_fun">>,<<"1.1.7">>},2},
 {<<"webtransport">>,{pkg,<<"webtransport">>,<<"0.4.5">>},1},
 {<<"ws">>,{pkg,<<"erlang_ws">>,<<"0.5.0">>},1}]}.
[
{pkg_hash,[
 {<<"barrel_a2a">>, <<"059129F27CFF392A50534CEF7C0506DBC339CF3BBB8CB21F0EE42534E1190244">>},
 {<<"barrel_mcp">>, <<"E991FBC9CD350B693D4EA26123880D6B60A41717041523A838544CA43CE10863">>},
 {<<"certifi">>, <<"835748414307E15E05B17D0E518190228CE648B08D569A5CC93A85A40F3E5C9B">>},
 {<<"gpb">>, <<"B73CD66822C16E8155B7E3BC707150BD429F91322C1EA5A0BD027BFEDAFB0BB9">>},
 {<<"h1">>, <<"A20CE059E74F953D7ED21E06BD58ADF53D746F5AA026B4FDD29D81E23B22DCA1">>},
 {<<"h2">>, <<"F393539EE2728F8118FB2024B6D5F3E2C45E40CEB31B18B4E9BF5E50D028F80F">>},
 {<<"hackney">>, <<"8FE2DDAA3CA27DE99D68E682D72B66D07D2331DA680F77C8000580A0122C69E6">>},
 {<<"idna">>, <<"1067A13043538129602D2F2CE6899D8713125C7D19734AA557CE2E3EA55BD4F1">>},
 {<<"instrument">>, <<"A04E40BAB10F43FCF551CB2309F53966E8EB5CCE12E6DBD80C97E10006FC56A6">>},
 {<<"mimerl">>, <<"F35ACA6F23242339B3666E0AC0702379E362B469D0AEA167F6CC713547E777ED">>},
 {<<"parse_trans">>, <<"C352DDC1A0D5E54F9B1654D45F9C432EEF76F9CEA371C55DDFF769EF688FDB74">>},
 {<<"quic">>, <<"7B074FC6F8A13B4A81E4E11254BF061DB61C5C07B4366D568A79A38C5E8BB5F3">>},
 {<<"ssl_verify_fun">>, <<"354C321CF377240C7B8716899E182CE4890C5938111A1296ADD3EC74CF1715DF">>},
 {<<"webtransport">>, <<"0E387202BBE707389FE81373EF8C56FAA9D5AA321BB4800FA4765EE7C1399785">>},
 {<<"ws">>, <<"945E58D7AEF6C861EAAA708A84B763E3FD57A1F95018CEC63F57F3D28A611D74">>}]},
{pkg_hash_ext,[
 {<<"barrel_a2a">>, <<"1C90E6D00A0877089D98EAF3A21BE65C8AE8E32072DFCD3FC0E1CB6BF9F9629F">>},
 {<<"barrel_mcp">>, <<"4B9C7258FC27F12CE2B378DD677EB851046323A3526550C37EA380766EAACF11">>},
 {<<"certifi">>, <<"8122798A17F0293C80DAADA25D0F81C7F4D708C73FEF782C7C9B1950E26E4D21">>},
 {<<"gpb">>, <<"4AE10A4591B01F086CA759066CAA6BC8D41EEB3C9C94A3EEAFF429DB95388677">>},
 {<<"h1">>, <<"F6C7D1C0947CBE56AB7494E5E131CADAC626E7D5FA42396314B6CCE1380B0C73">>},
 {<<"h2">>, <<"BEAAFC93C54CDC5D623247334D3970CDF4BC66B6B8B296B74BA1D7C7513C3DFC">>},
 {<<"hackney">>, <<"D07D7E1358353AB6CC75132F058C155287F3E013D43F709FBB79D79EEAB98195">>},
 {<<"idna">>, <<"6AE959A025BF36DF61A8CAB8508D9654891B5426A84C44D82DEAFFD6DDF8C71F">>},
 {<<"instrument">>, <<"D0DA7B8D528808BF72C39AD07AF388C77339021D6DD222AB90BE33E2BD3CC4D6">>},
 {<<"mimerl">>, <<"DB648CE065BAE14EA84CA8B5DD123F42F49417CEF693541110BF6F9E9BE9ECC4">>},
 {<<"parse_trans">>, <<"4C25347DE3B7C35732D32E69AB43D1CEEE0BEAE3F3B3ADE1B59CBD3DD224D9CA">>},
 {<<"quic">>, <<"6B1F8F08A45412AC503BC6771EFB8EDC696BB14079BC48D2CA960B92933DA8A4">>},
 {<<"ssl_verify_fun">>, <<"FE4C190E8F37401D30167C8C405EDA19469F34577987C76DDE613E838BBC67F8">>},
 {<<"webtransport">>, <<"BCB512239E48E551D5BD5C667312A9A7DE4F29B89D84B1D33C5AF44E1F3F730D">>},
 {<<"ws">>, <<"CAD7961A5AF19C463948A77DDE525E43D55D71F709A21AE3EA929EC6E50B065F">>}]}
].
